
Microsoft Visual Studio Solution File, Format Version 12.00
# Visual Studio Version 17
VisualStudioVersion = 17.0.32126.317
MinimumVisualStudioVersion = 10.0.40219.1
Project("{FAE04EC0-301F-11D3-BF4B-00C04F79EFBC}") = "ChuckNorris", "ChuckNorris\ChuckNorris.csproj", "{DEF0F595-DD51-47C4-8ACE-FCCC4A60EA8A}"
EndProject
Global
	GlobalSection(SolutionConfigurationPlatforms) = preSolution
		Debug|Any CPU = Debug|Any CPU
		Release|Any CPU = Release|Any CPU
	EndGlobalSection
	GlobalSection(ProjectConfigurationPlatforms) = postSolution
		{DEF0F595-DD51-47C4-8ACE-FCCC4A60EA8A}.Debug|Any CPU.ActiveCfg = Debug|Any CPU
		{DEF0F595-DD51-47C4-8ACE-FCCC4A60EA8A}.Debug|Any CPU.Build.0 = Debug|Any CPU
		{DEF0F595-DD51-47C4-8ACE-FCCC4A60EA8A}.Release|Any CPU.ActiveCfg = Release|Any CPU
		{DEF0F595-DD51-47C4-8ACE-FCCC4A60EA8A}.Release|Any CPU.Build.0 = Release|Any CPU
	EndGlobalSection
	GlobalSection(SolutionProperties) = preSolution
		HideSolutionNode = FALSE
	EndGlobalSection
	GlobalSection(ExtensibilityGlobals) = postSolution
		SolutionGuid = {84840EFF-3411-4D68-8AA1-76BD4C9A9D3F}
	EndGlobalSection
EndGlobal
