
Microsoft Visual Studio Solution File, Format Version 12.00
# Visual Studio Version 16
VisualStudioVersion = 16.0.32106.194
MinimumVisualStudioVersion = 10.0.40219.1
Project("{FAE04EC0-301F-11D3-BF4B-00C04F79EFBC}") = "Vowles and Consonants", "Vowles and Consonants\Vowles and Consonants.csproj", "{BA86689B-B703-48B8-AABE-8B917886046D}"
EndProject
Global
	GlobalSection(SolutionConfigurationPlatforms) = preSolution
		Debug|Any CPU = Debug|Any CPU
		Release|Any CPU = Release|Any CPU
	EndGlobalSection
	GlobalSection(ProjectConfigurationPlatforms) = postSolution
		{BA86689B-B703-48B8-AABE-8B917886046D}.Debug|Any CPU.ActiveCfg = Debug|Any CPU
		{BA86689B-B703-48B8-AABE-8B917886046D}.Debug|Any CPU.Build.0 = Debug|Any CPU
		{BA86689B-B703-48B8-AABE-8B917886046D}.Release|Any CPU.ActiveCfg = Release|Any CPU
		{BA86689B-B703-48B8-AABE-8B917886046D}.Release|Any CPU.Build.0 = Release|Any CPU
	EndGlobalSection
	GlobalSection(SolutionProperties) = preSolution
		HideSolutionNode = FALSE
	EndGlobalSection
	GlobalSection(ExtensibilityGlobals) = postSolution
		SolutionGuid = {3BDC279E-AEBD-4D21-93E8-F9E689E9DF72}
	EndGlobalSection
EndGlobal
